
Microsoft Visual Studio Solution File, Format Version 12.00
# Visual Studio Version 17
VisualStudioVersion = 17.14.36327.8 d17.14
MinimumVisualStudioVersion = 10.0.40219.1
Project("{FAE04EC0-301F-11D3-BF4B-00C04F79EFBC}") = "WebApi", "WebApi\WebApi.csproj", "{42A57467-9BE0-44FD-9108-71BA363253EE}"
EndProject
Global
	GlobalSection(SolutionConfigurationPlatforms) = preSolution
		Debug|Any CPU = Debug|Any CPU
		Release|Any CPU = Release|Any CPU
	EndGlobalSection
	GlobalSection(ProjectConfigurationPlatforms) = postSolution
		{42A57467-9BE0-44FD-9108-71BA363253EE}.Debug|Any CPU.ActiveCfg = Debug|Any CPU
		{42A57467-9BE0-44FD-9108-71BA363253EE}.Debug|Any CPU.Build.0 = Debug|Any CPU
		{42A57467-9BE0-44FD-9108-71BA363253EE}.Release|Any CPU.ActiveCfg = Release|Any CPU
		{42A57467-9BE0-44FD-9108-71BA363253EE}.Release|Any CPU.Build.0 = Release|Any CPU
	EndGlobalSection
	GlobalSection(SolutionProperties) = preSolution
		HideSolutionNode = FALSE
	EndGlobalSection
	GlobalSection(ExtensibilityGlobals) = postSolution
		SolutionGuid = {E613C869-3FEA-4666-B481-92CB8F72037E}
	EndGlobalSection
EndGlobal
